
Microsoft Visual Studio Solution File, Format Version 12.00
# Visual Studio Version 17
VisualStudioVersion = 17.7.34202.233
MinimumVisualStudioVersion = 10.0.40219.1
Project("{FAE04EC0-301F-11D3-BF4B-00C04F79EFBC}") = "CitasEpsUNAULA", "CitasEpsUNAULA.csproj", "{8400424D-3EB9-4A6D-9692-2110BB2D591E}"
EndProject
Global
	GlobalSection(SolutionConfigurationPlatforms) = preSolution
		Debug|Any CPU = Debug|Any CPU
		Release|Any CPU = Release|Any CPU
	EndGlobalSection
	GlobalSection(ProjectConfigurationPlatforms) = postSolution
		{8400424D-3EB9-4A6D-9692-2110BB2D591E}.Debug|Any CPU.ActiveCfg = Debug|Any CPU
		{8400424D-3EB9-4A6D-9692-2110BB2D591E}.Debug|Any CPU.Build.0 = Debug|Any CPU
		{8400424D-3EB9-4A6D-9692-2110BB2D591E}.Release|Any CPU.ActiveCfg = Release|Any CPU
		{8400424D-3EB9-4A6D-9692-2110BB2D591E}.Release|Any CPU.Build.0 = Release|Any CPU
	EndGlobalSection
	GlobalSection(SolutionProperties) = preSolution
		HideSolutionNode = FALSE
	EndGlobalSection
	GlobalSection(ExtensibilityGlobals) = postSolution
		SolutionGuid = {B2DDEA02-9B80-4482-8F64-0768E7352102}
	EndGlobalSection
EndGlobal
